
Microsoft Visual Studio Solution File, Format Version 12.00
# Visual Studio Version 17
VisualStudioVersion = 17.5.33627.172
MinimumVisualStudioVersion = 10.0.40219.1
Project("{FAE04EC0-301F-11D3-BF4B-00C04F79EFBC}") = "food Day6", "food Day6\food Day6.csproj", "{333587C2-FC6B-4F0D-8DBB-168A9E2AB9F8}"
EndProject
Global
	GlobalSection(SolutionConfigurationPlatforms) = preSolution
		Debug|Any CPU = Debug|Any CPU
		Release|Any CPU = Release|Any CPU
	EndGlobalSection
	GlobalSection(ProjectConfigurationPlatforms) = postSolution
		{333587C2-FC6B-4F0D-8DBB-168A9E2AB9F8}.Debug|Any CPU.ActiveCfg = Debug|Any CPU
		{333587C2-FC6B-4F0D-8DBB-168A9E2AB9F8}.Debug|Any CPU.Build.0 = Debug|Any CPU
		{333587C2-FC6B-4F0D-8DBB-168A9E2AB9F8}.Release|Any CPU.ActiveCfg = Release|Any CPU
		{333587C2-FC6B-4F0D-8DBB-168A9E2AB9F8}.Release|Any CPU.Build.0 = Release|Any CPU
	EndGlobalSection
	GlobalSection(SolutionProperties) = preSolution
		HideSolutionNode = FALSE
	EndGlobalSection
	GlobalSection(ExtensibilityGlobals) = postSolution
		SolutionGuid = {3A2528E4-1E6C-417D-ABE5-55B3964C3D3F}
	EndGlobalSection
EndGlobal
